<?xml version="1.0" encoding="utf-8"?>
<Project ToolsVersion="4.0" xmlns="http://schemas.microsoft.com/developer/msbuild/2003">
  <ItemGroup>
    <Filter Include="Source Files">
      <UniqueIdentifier>{29ef431d-5b18-49d2-909d-49c824629358}</UniqueIdentifier>
      <Extensions>cpp;c;cxx;rc;def;r;odl;idl;hpj;bat</Extensions>
    </Filter>
    <Filter Include="Source Files\QE4 Files">
      <UniqueIdentifier>{8cf7981d-0741-406e-beb0-1153836c9fb5}</UniqueIdentifier>
    </Filter>
    <Filter Include="Source Files\Brush Primitives">
      <UniqueIdentifier>{02348f31-a715-4fe4-919e-9e473ddc9ce3}</UniqueIdentifier>
    </Filter>
    <Filter Include="Source Files\interfaces">
      <UniqueIdentifier>{4891e02b-6c29-4530-8c50-e80d6eda16cf}</UniqueIdentifier>
    </Filter>
    <Filter Include="Header Files">
      <UniqueIdentifier>{aad37aaa-42a9-4f4b-bb0d-36cc35ce2adf}</UniqueIdentifier>
      <Extensions>h;hpp;hxx;hm;inl</Extensions>
    </Filter>
    <Filter Include="Header Files\interface headers">
      <UniqueIdentifier>{0ed8e088-0b95-4764-8957-b836cba8f3ac}</UniqueIdentifier>
    </Filter>
    <Filter Include="Header Files\internal interface headers">
      <UniqueIdentifier>{763bd0eb-6698-4b5c-b231-92a616243ab6}</UniqueIdentifier>
    </Filter>
    <Filter Include="Resource Files">
      <UniqueIdentifier>{00020f1d-482e-4435-9fd6-8ba505152ec4}</UniqueIdentifier>
      <Extensions>ico;cur;bmp;dlg;rc2;rct;bin;cnt;rtf;gif;jpg;jpeg;jpe</Extensions>
    </Filter>
    <Filter Include="Source Files\docks">
      <UniqueIdentifier>{d03c9639-4d4a-4f7a-966c-16dd7b2153b2}</UniqueIdentifier>
    </Filter>
    <Filter Include="Header Files\docks">
      <UniqueIdentifier>{cd5520e9-f534-44d8-9eb2-7471271ec4ab}</UniqueIdentifier>
    </Filter>
    <Filter Include="Source Files\imgui">
      <UniqueIdentifier>{4d5d304f-5c6b-4a0d-83d0-27c99a6079fe}</UniqueIdentifier>
    </Filter>
    <Filter Include="Source Files\duktape-2-3-0">
      <UniqueIdentifier>{ce6e7b1a-4b9a-43ab-a034-987eaf17fc3a}</UniqueIdentifier>
    </Filter>
    <Filter Include="Source Files\duktape">
      <UniqueIdentifier>{5dfaf910-8127-450f-b582-52509402224a}</UniqueIdentifier>
    </Filter>
    <Filter Include="tinygltf">
      <UniqueIdentifier>{5715b91b-c3b0-4bfe-b787-660ea5e6e31b}</UniqueIdentifier>
    </Filter>
  </ItemGroup>
  <ItemGroup>
    <ClCompile Include="BrushScript.cpp">
      <Filter>Source Files</Filter>
    </ClCompile>
    <ClCompile Include="BSInput.cpp">
      <Filter>Source Files</Filter>
    </ClCompile>
    <ClCompile Include="cameratargetdlg.cpp">
      <Filter>Source Files</Filter>
    </ClCompile>
    <ClCompile Include="CapDialog.cpp">
      <Filter>Source Files</Filter>
    </ClCompile>
    <ClCompile Include="cbrushstub.cpp">
      <Filter>Source Files</Filter>
    </ClCompile>
    <ClCompile Include="CommandsDlg.cpp">
      <Filter>Source Files</Filter>
    </ClCompile>
    <ClCompile Include="DialogInfo.cpp">
      <Filter>Source Files</Filter>
    </ClCompile>
    <ClCompile Include="DialogTextures.cpp">
      <Filter>Source Files</Filter>
    </ClCompile>
    <ClCompile Include="DialogThick.cpp">
      <Filter>Source Files</Filter>
    </ClCompile>
    <ClCompile Include="dlgcamera.cpp">
      <Filter>Source Files</Filter>
    </ClCompile>
    <ClCompile Include="DlgEvent.cpp">
      <Filter>Source Files</Filter>
    </ClCompile>
    <ClCompile Include="EntityListDlg.cpp">
      <Filter>Source Files</Filter>
    </ClCompile>
    <ClCompile Include="FindTextureDlg.cpp">
      <Filter>Source Files</Filter>
    </ClCompile>
    <ClCompile Include="GroupDlg.cpp">
      <Filter>Source Files</Filter>
    </ClCompile>
    <ClCompile Include="LstToolBar.cpp">
      <Filter>Source Files</Filter>
    </ClCompile>
    <ClCompile Include="MainFrm.cpp">
      <Filter>Source Files</Filter>
    </ClCompile>
    <ClCompile Include="MapInfo.cpp">
      <Filter>Source Files</Filter>
    </ClCompile>
    <ClCompile Include="NameDlg.cpp">
      <Filter>Source Files</Filter>
    </ClCompile>
    <ClCompile Include="NewProjDlg.cpp">
      <Filter>Source Files</Filter>
    </ClCompile>
    <ClCompile Include="PatchDensityDlg.cpp">
      <Filter>Source Files</Filter>
    </ClCompile>
    <ClCompile Include="PatchDialog.cpp">
      <Filter>Source Files</Filter>
    </ClCompile>
    <ClCompile Include="PlugIn.cpp">
      <Filter>Source Files</Filter>
    </ClCompile>
    <ClCompile Include="PlugInManager.cpp">
      <Filter>Source Files</Filter>
    </ClCompile>
    <ClCompile Include="PMESH.CPP">
      <Filter>Source Files</Filter>
    </ClCompile>
    <ClCompile Include="PrefsDlg.cpp">
      <Filter>Source Files</Filter>
    </ClCompile>
    <ClCompile Include="qgl_win.c">
      <Filter>Source Files</Filter>
    </ClCompile>
    <ClCompile Include="radbsp.cpp">
      <Filter>Source Files</Filter>
    </ClCompile>
    <ClCompile Include="Radiant.cpp">
      <Filter>Source Files</Filter>
    </ClCompile>
    <ClCompile Include="RotateDlg.cpp">
      <Filter>Source Files</Filter>
    </ClCompile>
    <ClCompile Include="ScaleDialog.cpp">
      <Filter>Source Files</Filter>
    </ClCompile>
    <ClCompile Include="ScriptDlg.cpp">
      <Filter>Source Files</Filter>
    </ClCompile>
    <ClCompile Include="ShaderInfo.cpp">
      <Filter>Source Files</Filter>
    </ClCompile>
    <ClCompile Include="StdAfx.cpp">
      <Filter>Source Files</Filter>
    </ClCompile>
    <ClCompile Include="SurfaceDlg.cpp">
      <Filter>Source Files</Filter>
    </ClCompile>
    <ClCompile Include="TextureBar.cpp">
      <Filter>Source Files</Filter>
    </ClCompile>
    <ClCompile Include="TextureLayout.cpp">
      <Filter>Source Files</Filter>
    </ClCompile>
    <ClCompile Include="Undo.cpp">
      <Filter>Source Files</Filter>
    </ClCompile>
    <ClCompile Include="WaveOpen.cpp">
      <Filter>Source Files</Filter>
    </ClCompile>
    <ClCompile Include="Winding.cpp">
      <Filter>Source Files</Filter>
    </ClCompile>
    <ClCompile Include="Bmp.cpp">
      <Filter>Source Files\QE4 Files</Filter>
    </ClCompile>
    <ClCompile Include="brush.cpp">
      <Filter>Source Files\QE4 Files</Filter>
    </ClCompile>
    <ClCompile Include="csg.cpp">
      <Filter>Source Files\QE4 Files</Filter>
    </ClCompile>
    <ClCompile Include="drag.cpp">
      <Filter>Source Files\QE4 Files</Filter>
    </ClCompile>
    <ClCompile Include="eclass.cpp">
      <Filter>Source Files\QE4 Files</Filter>
    </ClCompile>
    <ClCompile Include="entity.cpp">
      <Filter>Source Files\QE4 Files</Filter>
    </ClCompile>
    <ClCompile Include="lbmlib.cpp">
      <Filter>Source Files\QE4 Files</Filter>
    </ClCompile>
    <ClCompile Include="map.cpp">
      <Filter>Source Files\QE4 Files</Filter>
    </ClCompile>
    <ClCompile Include="mathlib.cpp">
      <Filter>Source Files\QE4 Files</Filter>
    </ClCompile>
    <ClCompile Include="mru.cpp">
      <Filter>Source Files\QE4 Files</Filter>
    </ClCompile>
    <ClCompile Include="parse.cpp">
      <Filter>Source Files\QE4 Files</Filter>
    </ClCompile>
    <ClCompile Include="points.cpp">
      <Filter>Source Files\QE4 Files</Filter>
    </ClCompile>
    <ClCompile Include="qe3.cpp">
      <Filter>Source Files\QE4 Files</Filter>
    </ClCompile>
    <ClCompile Include="select.cpp">
      <Filter>Source Files\QE4 Files</Filter>
    </ClCompile>
    <ClCompile Include="terrain.cpp">
      <Filter>Source Files\QE4 Files</Filter>
    </ClCompile>
    <ClCompile Include="vertsel.cpp">
      <Filter>Source Files\QE4 Files</Filter>
    </ClCompile>
    <ClCompile Include="win_dlg.cpp">
      <Filter>Source Files\QE4 Files</Filter>
    </ClCompile>
    <ClCompile Include="win_ent.cpp">
      <Filter>Source Files\QE4 Files</Filter>
    </ClCompile>
    <ClCompile Include="win_main.cpp">
      <Filter>Source Files\QE4 Files</Filter>
    </ClCompile>
    <ClCompile Include="win_qe3.cpp">
      <Filter>Source Files\QE4 Files</Filter>
    </ClCompile>
    <ClCompile Include="brush_primit.cpp">
      <Filter>Source Files\Brush Primitives</Filter>
    </ClCompile>
    <ClCompile Include="GLInterface.cpp">
      <Filter>Source Files\interfaces</Filter>
    </ClCompile>
    <ClCompile Include="IEpairs.cpp">
      <Filter>Source Files\interfaces</Filter>
    </ClCompile>
    <ClCompile Include="IShaders.cpp">
      <Filter>Source Files\interfaces</Filter>
    </ClCompile>
    <ClCompile Include="Messaging.cpp">
      <Filter>Source Files\interfaces</Filter>
    </ClCompile>
    <ClCompile Include="PluginEntities.cpp">
      <Filter>Source Files\interfaces</Filter>
    </ClCompile>
    <ClCompile Include="SelectedFace.cpp">
      <Filter>Source Files\interfaces</Filter>
    </ClCompile>
    <ClCompile Include="SurfacePlugin.cpp">
      <Filter>Source Files\interfaces</Filter>
    </ClCompile>
    <ClCompile Include="dock_camera.cpp">
      <Filter>Source Files\docks</Filter>
    </ClCompile>
    <ClCompile Include="dock_Tex.cpp">
      <Filter>Source Files\docks</Filter>
    </ClCompile>
    <ClCompile Include="dock_XY.cpp">
      <Filter>Source Files\docks</Filter>
    </ClCompile>
    <ClCompile Include="dock_Z.cpp">
      <Filter>Source Files\docks</Filter>
    </ClCompile>
    <ClCompile Include="..\imgui\imgui.cpp">
      <Filter>Source Files\imgui</Filter>
    </ClCompile>
    <ClCompile Include="..\imgui\imgui_demo.cpp">
      <Filter>Source Files\imgui</Filter>
    </ClCompile>
    <ClCompile Include="..\imgui\imgui_draw.cpp">
      <Filter>Source Files\imgui</Filter>
    </ClCompile>
    <ClCompile Include="..\imgui\imgui_widgets.cpp">
      <Filter>Source Files\imgui</Filter>
    </ClCompile>
    <ClCompile Include="..\imgui\imgui_impl_opengl2.cpp">
      <Filter>Source Files\imgui</Filter>
    </ClCompile>
    <ClCompile Include="..\imgui\imgui_main.cpp">
      <Filter>Source Files\imgui</Filter>
    </ClCompile>
    <ClCompile Include="..\imgui\imgui_impl_win32.cpp">
      <Filter>Source Files\imgui</Filter>
    </ClCompile>
    <ClCompile Include="..\imgui\imgui_dock_console.cpp">
      <Filter>Source Files\imgui</Filter>
    </ClCompile>
    <ClCompile Include="..\imgui\imgui_dock.cpp">
      <Filter>Source Files\imgui</Filter>
    </ClCompile>
    <ClCompile Include="..\imgui\imgui_docks_radiant.cpp">
      <Filter>Source Files\imgui</Filter>
    </ClCompile>
    <ClCompile Include="..\imgui\imgui_dock_duktape.cpp">
      <Filter>Source Files\imgui</Filter>
    </ClCompile>
    <ClCompile Include="..\duktape\bind_imgui.cpp">
      <Filter>Source Files\duktape</Filter>
    </ClCompile>
    <ClCompile Include="..\duktape\bind_memory.cpp">
      <Filter>Source Files\duktape</Filter>
    </ClCompile>
    <ClCompile Include="..\duktape\bind_utils2.cpp">
      <Filter>Source Files\duktape</Filter>
    </ClCompile>
    <ClCompile Include="..\duktape\dukhelpers.cpp">
      <Filter>Source Files\duktape</Filter>
    </ClCompile>
    <ClCompile Include="..\duktape\js_stuff.cpp">
      <Filter>Source Files\duktape</Filter>
    </ClCompile>
    <ClCompile Include="..\duktape-2-3-0\duktape.cpp">
      <Filter>Source Files\duktape-2-3-0</Filter>
    </ClCompile>
    <ClCompile Include="..\duktape\bind_radiant.cpp">
      <Filter>Source Files\duktape</Filter>
    </ClCompile>
    <ClCompile Include="..\tinygltf\loader_example.cc">
      <Filter>tinygltf</Filter>
    </ClCompile>
    <ClCompile Include="..\tinygltf\bvhaccel.cpp">
      <Filter>tinygltf</Filter>
    </ClCompile>
    <ClCompile Include="..\tinygltf\gltf-loader.cc">
      <Filter>tinygltf</Filter>
    </ClCompile>
    <ClCompile Include="..\tinygltf\main.cc">
      <Filter>tinygltf</Filter>
    </ClCompile>
    <ClCompile Include="..\tinygltf\matrix.cc">
      <Filter>tinygltf</Filter>
    </ClCompile>
    <ClCompile Include="..\tinygltf\nanort.cc">
      <Filter>tinygltf</Filter>
    </ClCompile>
    <ClCompile Include="..\tinygltf\obj-loader.cc">
      <Filter>tinygltf</Filter>
    </ClCompile>
    <ClCompile Include="..\tinygltf\render-config.cc">
      <Filter>tinygltf</Filter>
    </ClCompile>
    <ClCompile Include="..\tinygltf\stbi-impl.cc">
      <Filter>tinygltf</Filter>
    </ClCompile>
    <ClCompile Include="..\tinygltf\tiny_obj_loader.cc">
      <Filter>tinygltf</Filter>
    </ClCompile>
    <ClCompile Include="..\tinygltf\trackball.cc">
      <Filter>tinygltf</Filter>
    </ClCompile>
    <ClCompile Include="..\tinygltf\render.cpp">
      <Filter>tinygltf</Filter>
    </ClCompile>
  </ItemGroup>
  <ItemGroup>
    <ResourceCompile Include="Radiant.rc">
      <Filter>Source Files</Filter>
    </ResourceCompile>
  </ItemGroup>
  <ItemGroup>
    <ClInclude Include="terrain.h">
      <Filter>Source Files\QE4 Files</Filter>
    </ClInclude>
    <ClInclude Include="BSInput.h">
      <Filter>Header Files</Filter>
    </ClInclude>
    <ClInclude Include="cameratargetdlg.h">
      <Filter>Header Files</Filter>
    </ClInclude>
    <ClInclude Include="CapDialog.h">
      <Filter>Header Files</Filter>
    </ClInclude>
    <ClInclude Include="ChildFrm.h">
      <Filter>Header Files</Filter>
    </ClInclude>
    <ClInclude Include="CommandsDlg.h">
      <Filter>Header Files</Filter>
    </ClInclude>
    <ClInclude Include="DialogInfo.h">
      <Filter>Header Files</Filter>
    </ClInclude>
    <ClInclude Include="DialogTextures.h">
      <Filter>Header Files</Filter>
    </ClInclude>
    <ClInclude Include="DialogThick.h">
      <Filter>Header Files</Filter>
    </ClInclude>
    <ClInclude Include="dlgcamera.h">
      <Filter>Header Files</Filter>
    </ClInclude>
    <ClInclude Include="DlgEvent.h">
      <Filter>Header Files</Filter>
    </ClInclude>
    <ClInclude Include="EntityListDlg.h">
      <Filter>Header Files</Filter>
    </ClInclude>
    <ClInclude Include="FindTextureDlg.h">
      <Filter>Header Files</Filter>
    </ClInclude>
    <ClInclude Include="GroupBar.h">
      <Filter>Header Files</Filter>
    </ClInclude>
    <ClInclude Include="GroupDlg.h">
      <Filter>Header Files</Filter>
    </ClInclude>
    <ClInclude Include="LstToolBar.h">
      <Filter>Header Files</Filter>
    </ClInclude>
    <ClInclude Include="MainFrm.h">
      <Filter>Header Files</Filter>
    </ClInclude>
    <ClInclude Include="MapInfo.h">
      <Filter>Header Files</Filter>
    </ClInclude>
    <ClInclude Include="NameDlg.h">
      <Filter>Header Files</Filter>
    </ClInclude>
    <ClInclude Include="NewProjDlg.h">
      <Filter>Header Files</Filter>
    </ClInclude>
    <ClInclude Include="PatchDensityDlg.h">
      <Filter>Header Files</Filter>
    </ClInclude>
    <ClInclude Include="PatchDialog.h">
      <Filter>Header Files</Filter>
    </ClInclude>
    <ClInclude Include="PlugIn.h">
      <Filter>Header Files</Filter>
    </ClInclude>
    <ClInclude Include="PlugInManager.h">
      <Filter>Header Files</Filter>
    </ClInclude>
    <ClInclude Include="PrefsDlg.h">
      <Filter>Header Files</Filter>
    </ClInclude>
    <ClInclude Include="qe3.h">
      <Filter>Header Files</Filter>
    </ClInclude>
    <ClInclude Include="QEDEFS.H">
      <Filter>Header Files</Filter>
    </ClInclude>
    <ClInclude Include="qerplugin.h">
      <Filter>Header Files</Filter>
    </ClInclude>
    <ClInclude Include="QERTYPES.H">
      <Filter>Header Files</Filter>
    </ClInclude>
    <ClInclude Include="QFILES.H">
      <Filter>Header Files</Filter>
    </ClInclude>
    <ClInclude Include="Radiant.h">
      <Filter>Header Files</Filter>
    </ClInclude>
    <ClInclude Include="RadiantDoc.h">
      <Filter>Header Files</Filter>
    </ClInclude>
    <ClInclude Include="RadiantView.h">
      <Filter>Header Files</Filter>
    </ClInclude>
    <ClInclude Include="Resource.h">
      <Filter>Header Files</Filter>
    </ClInclude>
    <ClInclude Include="RotateDlg.h">
      <Filter>Header Files</Filter>
    </ClInclude>
    <ClInclude Include="ScaleDialog.h">
      <Filter>Header Files</Filter>
    </ClInclude>
    <ClInclude Include="ScriptDlg.h">
      <Filter>Header Files</Filter>
    </ClInclude>
    <ClInclude Include="SELECT.H">
      <Filter>Header Files</Filter>
    </ClInclude>
    <ClInclude Include="ShaderInfo.h">
      <Filter>Header Files</Filter>
    </ClInclude>
    <ClInclude Include="StdAfx.h">
      <Filter>Header Files</Filter>
    </ClInclude>
    <ClInclude Include="SurfaceDlg.h">
      <Filter>Header Files</Filter>
    </ClInclude>
    <ClInclude Include="TextureBar.h">
      <Filter>Header Files</Filter>
    </ClInclude>
    <ClInclude Include="TextureLayout.h">
      <Filter>Header Files</Filter>
    </ClInclude>
    <ClInclude Include="TexWnd.h">
      <Filter>Header Files</Filter>
    </ClInclude>
    <ClInclude Include="WaveOpen.h">
      <Filter>Header Files</Filter>
    </ClInclude>
    <ClInclude Include="IEpairs.h">
      <Filter>Header Files\interface headers</Filter>
    </ClInclude>
    <ClInclude Include="igl.h">
      <Filter>Header Files\interface headers</Filter>
    </ClInclude>
    <ClInclude Include="IMessaging.h">
      <Filter>Header Files\interface headers</Filter>
    </ClInclude>
    <ClInclude Include="IPluginEntities.h">
      <Filter>Header Files\interface headers</Filter>
    </ClInclude>
    <ClInclude Include="ISelectedFace.h">
      <Filter>Header Files\interface headers</Filter>
    </ClInclude>
    <ClInclude Include="IShaders.h">
      <Filter>Header Files\interface headers</Filter>
    </ClInclude>
    <ClInclude Include="isurfaceplugin.h">
      <Filter>Header Files\interface headers</Filter>
    </ClInclude>
    <ClInclude Include="EpairsWrapper.h">
      <Filter>Header Files\internal interface headers</Filter>
    </ClInclude>
    <ClInclude Include="Messaging.h">
      <Filter>Header Files\internal interface headers</Filter>
    </ClInclude>
    <ClInclude Include="ccall.h">
      <Filter>Source Files</Filter>
    </ClInclude>
    <ClInclude Include="CamWnd.h">
      <Filter>Header Files\docks</Filter>
    </ClInclude>
    <ClInclude Include="EditWnd.h">
      <Filter>Header Files\docks</Filter>
    </ClInclude>
    <ClInclude Include="RADEditWnd.h">
      <Filter>Header Files\docks</Filter>
    </ClInclude>
    <ClInclude Include="XYWnd.h">
      <Filter>Header Files\docks</Filter>
    </ClInclude>
    <ClInclude Include="ZWnd.h">
      <Filter>Header Files\docks</Filter>
    </ClInclude>
    <ClInclude Include="TexEdit.h">
      <Filter>Header Files\docks</Filter>
    </ClInclude>
    <ClInclude Include="..\imgui\imconfig.h">
      <Filter>Source Files\imgui</Filter>
    </ClInclude>
    <ClInclude Include="..\imgui\imgui.h">
      <Filter>Source Files\imgui</Filter>
    </ClInclude>
    <ClInclude Include="..\imgui\imgui_internal.h">
      <Filter>Source Files\imgui</Filter>
    </ClInclude>
    <ClInclude Include="..\imgui\imstb_rectpack.h">
      <Filter>Source Files\imgui</Filter>
    </ClInclude>
    <ClInclude Include="..\imgui\imstb_textedit.h">
      <Filter>Source Files\imgui</Filter>
    </ClInclude>
    <ClInclude Include="..\imgui\imstb_truetype.h">
      <Filter>Source Files\imgui</Filter>
    </ClInclude>
    <ClInclude Include="..\imgui\imgui_impl_opengl2.h">
      <Filter>Source Files\imgui</Filter>
    </ClInclude>
    <ClInclude Include="..\imgui\imgui_main.h">
      <Filter>Source Files\imgui</Filter>
    </ClInclude>
    <ClInclude Include="..\imgui\imgui_impl_win32.h">
      <Filter>Source Files\imgui</Filter>
    </ClInclude>
    <ClInclude Include="..\imgui\imgui_dock_console.h">
      <Filter>Source Files\imgui</Filter>
    </ClInclude>
    <ClInclude Include="..\imgui\imgui_dock.h">
      <Filter>Source Files\imgui</Filter>
    </ClInclude>
    <ClInclude Include="..\imgui\imgui_docks_radiant.h">
      <Filter>Source Files\imgui</Filter>
    </ClInclude>
    <ClInclude Include="..\imgui\imgui_dock_duktape.h">
      <Filter>Source Files\imgui</Filter>
    </ClInclude>
    <ClInclude Include="..\duktape-2-3-0\duk_config.h">
      <Filter>Source Files\duktape-2-3-0</Filter>
    </ClInclude>
    <ClInclude Include="..\duktape-2-3-0\duktape.h">
      <Filter>Source Files\duktape-2-3-0</Filter>
    </ClInclude>
    <ClInclude Include="..\duktape\bind_imgui.h">
      <Filter>Source Files\duktape</Filter>
    </ClInclude>
    <ClInclude Include="..\duktape\bind_memory.h">
      <Filter>Source Files\duktape</Filter>
    </ClInclude>
    <ClInclude Include="..\duktape\bind_utils.h">
      <Filter>Source Files\duktape</Filter>
    </ClInclude>
    <ClInclude Include="..\duktape\duk_internal_stuff.h">
      <Filter>Source Files\duktape</Filter>
    </ClInclude>
    <ClInclude Include="..\duktape\dukdebugheaders.h">
      <Filter>Source Files\duktape</Filter>
    </ClInclude>
    <ClInclude Include="..\duktape\dukhelpers.h">
      <Filter>Source Files\duktape</Filter>
    </ClInclude>
    <ClInclude Include="..\duktape\duktapestuff.h">
      <Filter>Source Files\duktape</Filter>
    </ClInclude>
    <ClInclude Include="..\duktape\bind_radiant.h">
      <Filter>Source Files\duktape</Filter>
    </ClInclude>
    <ClInclude Include="..\tinygltf\json.hpp">
      <Filter>tinygltf</Filter>
    </ClInclude>
    <ClInclude Include="..\tinygltf\stb_image.h">
      <Filter>tinygltf</Filter>
    </ClInclude>
    <ClInclude Include="..\tinygltf\stb_image_write.h">
      <Filter>tinygltf</Filter>
    </ClInclude>
    <ClInclude Include="..\tinygltf\tiny_gltf.h">
      <Filter>tinygltf</Filter>
    </ClInclude>
    <ClInclude Include="..\tinygltf\gltf-loader.h">
      <Filter>tinygltf</Filter>
    </ClInclude>
    <ClInclude Include="..\tinygltf\material.h">
      <Filter>tinygltf</Filter>
    </ClInclude>
    <ClInclude Include="..\tinygltf\mesh.h">
      <Filter>tinygltf</Filter>
    </ClInclude>
    <ClInclude Include="..\tinygltf\nanort.h">
      <Filter>tinygltf</Filter>
    </ClInclude>
    <ClInclude Include="..\tinygltf\nanosg.h">
      <Filter>tinygltf</Filter>
    </ClInclude>
    <ClInclude Include="..\tinygltf\obj-loader.h">
      <Filter>tinygltf</Filter>
    </ClInclude>
    <ClInclude Include="..\tinygltf\render.h">
      <Filter>tinygltf</Filter>
    </ClInclude>
    <ClInclude Include="..\tinygltf\render-config.h">
      <Filter>tinygltf</Filter>
    </ClInclude>
    <ClInclude Include="..\tinygltf\matrix.h">
      <Filter>tinygltf</Filter>
    </ClInclude>
    <ClInclude Include="..\tinygltf\picojson.h">
      <Filter>tinygltf</Filter>
    </ClInclude>
    <ClInclude Include="..\tinygltf\tiny_obj_loader.h">
      <Filter>tinygltf</Filter>
    </ClInclude>
    <ClInclude Include="..\tinygltf\tinyexr.h">
      <Filter>tinygltf</Filter>
    </ClInclude>
    <ClInclude Include="..\tinygltf\trackball.h">
      <Filter>tinygltf</Filter>
    </ClInclude>
  </ItemGroup>
  <ItemGroup>
    <Image Include="res\bevel.bmp">
      <Filter>Resource Files</Filter>
    </Image>
    <Image Include="res\bitmap2.bmp">
      <Filter>Resource Files</Filter>
    </Image>
    <Image Include="res\bmp00001.bmp">
      <Filter>Resource Files</Filter>
    </Image>
    <Image Include="res\bmp00002.bmp">
      <Filter>Resource Files</Filter>
    </Image>
    <Image Include="RES\bmp00003.bmp">
      <Filter>Resource Files</Filter>
    </Image>
    <Image Include="res\endcap.bmp">
      <Filter>Resource Files</Filter>
    </Image>
    <Image Include="res\ibevel.bmp">
      <Filter>Resource Files</Filter>
    </Image>
    <Image Include="RES\icon2.ico">
      <Filter>Resource Files</Filter>
    </Image>
    <Image Include="res\iendcap.bmp">
      <Filter>Resource Files</Filter>
    </Image>
    <Image Include="res\logo_sm3dfx.bmp">
      <Filter>Resource Files</Filter>
    </Image>
    <Image Include="res\q.bmp">
      <Filter>Resource Files</Filter>
    </Image>
    <Image Include="q.bmp">
      <Filter>Resource Files</Filter>
    </Image>
    <Image Include="res\Radiant.ico">
      <Filter>Resource Files</Filter>
    </Image>
    <Image Include="res\RadiantDoc.ico">
      <Filter>Resource Files</Filter>
    </Image>
    <Image Include="RES\shaderbar.bmp">
      <Filter>Resource Files</Filter>
    </Image>
    <Image Include="RES\shaderdoc.ico">
      <Filter>Resource Files</Filter>
    </Image>
    <Image Include="RES\shaderframe.ico">
      <Filter>Resource Files</Filter>
    </Image>
    <Image Include="res\Toolbar.bmp">
      <Filter>Resource Files</Filter>
    </Image>
    <Image Include="toolbar1.bmp">
      <Filter>Resource Files</Filter>
    </Image>
    <Image Include="res\toolbar1.bmp">
      <Filter>Resource Files</Filter>
    </Image>
    <Image Include="res\toolbar2.bmp">
      <Filter>Resource Files</Filter>
    </Image>
    <Image Include="res\viewdefa.bmp">
      <Filter>Resource Files</Filter>
    </Image>
    <Image Include="res\viewoppo.bmp">
      <Filter>Resource Files</Filter>
    </Image>
  </ItemGroup>
  <ItemGroup>
    <None Include="res\Radiant.rc2">
      <Filter>Resource Files</Filter>
    </None>
    <None Include="..\duktape-2-3-0\duk_source_meta.json">
      <Filter>Source Files\duktape-2-3-0</Filter>
    </None>
  </ItemGroup>
</Project>