Microsoft Visual Studio Solution File, Format Version 12.00
# Visual Studio 15
VisualStudioVersion = 15.0.27703.2026
MinimumVisualStudioVersion = 10.0.40219.1
Project("{8BC9CEB8-8B4A-11D0-8D11-00A0C91BC942}") = "Radiant", "Radiant.vcxproj", "{D92DD0A3-9D6B-4183-992C-0FF42BC59A62}"
EndProject
Project("{8BC9CEB8-8B4A-11D0-8D11-00A0C91BC942}") = "Splines", "splines\Splines.vcxproj", "{63F2947A-5BD9-48C2-8BEA-7AB341F6B48F}"
EndProject
Project("{8BC9CEB8-8B4A-11D0-8D11-00A0C91BC942}") = "cmdlib", "..\libs\cmdlib\cmdlib.vcxproj", "{EFB1E65A-E86F-4E0D-845A-E5C7A3DF016F}"
EndProject
Project("{8BC9CEB8-8B4A-11D0-8D11-00A0C91BC942}") = "jpeg6", "..\libs\jpeg6\jpeg6.vcxproj", "{B80E7E95-566D-4CB0-8151-0567CB206D5A}"
EndProject
Project("{8BC9CEB8-8B4A-11D0-8D11-00A0C91BC942}") = "pak", "..\libs\pak\pak.vcxproj", "{706CF09C-D767-4ECD-8CA6-EE7CA6CDA3AE}"
EndProject
Project("{8BC9CEB8-8B4A-11D0-8D11-00A0C91BC942}") = "q3map", "..\q3map\q3map.vcxproj", "{4D768C46-A503-48DE-BD4C-14D2B50C2739}"
EndProject
Project("{8BC9CEB8-8B4A-11D0-8D11-00A0C91BC942}") = "julia", "..\julia\julia\julia.vcxproj", "{3456FAFC-EA04-4BC2-AB8F-0F87520F122C}"
	ProjectSection(ProjectDependencies) = postProject
		{D92DD0A3-9D6B-4183-992C-0FF42BC59A62} = {D92DD0A3-9D6B-4183-992C-0FF42BC59A62}
	EndProjectSection
EndProject
Project("{8BC9CEB8-8B4A-11D0-8D11-00A0C91BC942}") = "TreatCppLikeJavaScript", "..\TreatCppLikeJavaScript\TreatCppLikeJavaScript.vcxproj", "{6C2DAE17-D932-4D3D-B782-B6E240096B4D}"
EndProject
Global
	GlobalSection(SolutionConfigurationPlatforms) = preSolution
		Debug|x64 = Debug|x64
		Debug|x86 = Debug|x86
		DebugTTimo|x64 = DebugTTimo|x64
		DebugTTimo|x86 = DebugTTimo|x86
		Release|x64 = Release|x64
		Release|x86 = Release|x86
		ReleaseTTimo|x64 = ReleaseTTimo|x64
		ReleaseTTimo|x86 = ReleaseTTimo|x86
	EndGlobalSection
	GlobalSection(ProjectConfigurationPlatforms) = postSolution
		{D92DD0A3-9D6B-4183-992C-0FF42BC59A62}.Debug|x64.ActiveCfg = Debug|Win32
		{D92DD0A3-9D6B-4183-992C-0FF42BC59A62}.Debug|x86.ActiveCfg = Debug|Win32
		{D92DD0A3-9D6B-4183-992C-0FF42BC59A62}.Debug|x86.Build.0 = Debug|Win32
		{D92DD0A3-9D6B-4183-992C-0FF42BC59A62}.DebugTTimo|x64.ActiveCfg = DebugTTimo|Win32
		{D92DD0A3-9D6B-4183-992C-0FF42BC59A62}.DebugTTimo|x86.ActiveCfg = DebugTTimo|Win32
		{D92DD0A3-9D6B-4183-992C-0FF42BC59A62}.DebugTTimo|x86.Build.0 = DebugTTimo|Win32
		{D92DD0A3-9D6B-4183-992C-0FF42BC59A62}.Release|x64.ActiveCfg = Release|Win32
		{D92DD0A3-9D6B-4183-992C-0FF42BC59A62}.Release|x86.ActiveCfg = Release|Win32
		{D92DD0A3-9D6B-4183-992C-0FF42BC59A62}.Release|x86.Build.0 = Release|Win32
		{D92DD0A3-9D6B-4183-992C-0FF42BC59A62}.ReleaseTTimo|x64.ActiveCfg = ReleaseTTimo|Win32
		{D92DD0A3-9D6B-4183-992C-0FF42BC59A62}.ReleaseTTimo|x86.ActiveCfg = ReleaseTTimo|Win32
		{D92DD0A3-9D6B-4183-992C-0FF42BC59A62}.ReleaseTTimo|x86.Build.0 = ReleaseTTimo|Win32
		{63F2947A-5BD9-48C2-8BEA-7AB341F6B48F}.Debug|x64.ActiveCfg = Debug|Win32
		{63F2947A-5BD9-48C2-8BEA-7AB341F6B48F}.Debug|x86.ActiveCfg = Debug|Win32
		{63F2947A-5BD9-48C2-8BEA-7AB341F6B48F}.Debug|x86.Build.0 = Debug|Win32
		{63F2947A-5BD9-48C2-8BEA-7AB341F6B48F}.DebugTTimo|x64.ActiveCfg = Release|Win32
		{63F2947A-5BD9-48C2-8BEA-7AB341F6B48F}.DebugTTimo|x64.Build.0 = Release|Win32
		{63F2947A-5BD9-48C2-8BEA-7AB341F6B48F}.DebugTTimo|x86.ActiveCfg = Debug|Win32
		{63F2947A-5BD9-48C2-8BEA-7AB341F6B48F}.DebugTTimo|x86.Build.0 = Debug|Win32
		{63F2947A-5BD9-48C2-8BEA-7AB341F6B48F}.Release|x64.ActiveCfg = Release|Win32
		{63F2947A-5BD9-48C2-8BEA-7AB341F6B48F}.Release|x86.ActiveCfg = Release|Win32
		{63F2947A-5BD9-48C2-8BEA-7AB341F6B48F}.Release|x86.Build.0 = Release|Win32
		{63F2947A-5BD9-48C2-8BEA-7AB341F6B48F}.ReleaseTTimo|x64.ActiveCfg = Release|Win32
		{63F2947A-5BD9-48C2-8BEA-7AB341F6B48F}.ReleaseTTimo|x64.Build.0 = Release|Win32
		{63F2947A-5BD9-48C2-8BEA-7AB341F6B48F}.ReleaseTTimo|x86.ActiveCfg = Release|Win32
		{63F2947A-5BD9-48C2-8BEA-7AB341F6B48F}.ReleaseTTimo|x86.Build.0 = Release|Win32
		{EFB1E65A-E86F-4E0D-845A-E5C7A3DF016F}.Debug|x64.ActiveCfg = Debug|Win32
		{EFB1E65A-E86F-4E0D-845A-E5C7A3DF016F}.Debug|x86.ActiveCfg = Debug|Win32
		{EFB1E65A-E86F-4E0D-845A-E5C7A3DF016F}.Debug|x86.Build.0 = Debug|Win32
		{EFB1E65A-E86F-4E0D-845A-E5C7A3DF016F}.DebugTTimo|x64.ActiveCfg = Release|Win32
		{EFB1E65A-E86F-4E0D-845A-E5C7A3DF016F}.DebugTTimo|x64.Build.0 = Release|Win32
		{EFB1E65A-E86F-4E0D-845A-E5C7A3DF016F}.DebugTTimo|x86.ActiveCfg = Debug|Win32
		{EFB1E65A-E86F-4E0D-845A-E5C7A3DF016F}.DebugTTimo|x86.Build.0 = Debug|Win32
		{EFB1E65A-E86F-4E0D-845A-E5C7A3DF016F}.Release|x64.ActiveCfg = Release|Win32
		{EFB1E65A-E86F-4E0D-845A-E5C7A3DF016F}.Release|x86.ActiveCfg = Release|Win32
		{EFB1E65A-E86F-4E0D-845A-E5C7A3DF016F}.Release|x86.Build.0 = Release|Win32
		{EFB1E65A-E86F-4E0D-845A-E5C7A3DF016F}.ReleaseTTimo|x64.ActiveCfg = Release|Win32
		{EFB1E65A-E86F-4E0D-845A-E5C7A3DF016F}.ReleaseTTimo|x64.Build.0 = Release|Win32
		{EFB1E65A-E86F-4E0D-845A-E5C7A3DF016F}.ReleaseTTimo|x86.ActiveCfg = Release|Win32
		{EFB1E65A-E86F-4E0D-845A-E5C7A3DF016F}.ReleaseTTimo|x86.Build.0 = Release|Win32
		{B80E7E95-566D-4CB0-8151-0567CB206D5A}.Debug|x64.ActiveCfg = Debug|Win32
		{B80E7E95-566D-4CB0-8151-0567CB206D5A}.Debug|x86.ActiveCfg = Debug|Win32
		{B80E7E95-566D-4CB0-8151-0567CB206D5A}.Debug|x86.Build.0 = Debug|Win32
		{B80E7E95-566D-4CB0-8151-0567CB206D5A}.DebugTTimo|x64.ActiveCfg = Release|Win32
		{B80E7E95-566D-4CB0-8151-0567CB206D5A}.DebugTTimo|x64.Build.0 = Release|Win32
		{B80E7E95-566D-4CB0-8151-0567CB206D5A}.DebugTTimo|x86.ActiveCfg = Debug|Win32
		{B80E7E95-566D-4CB0-8151-0567CB206D5A}.DebugTTimo|x86.Build.0 = Debug|Win32
		{B80E7E95-566D-4CB0-8151-0567CB206D5A}.Release|x64.ActiveCfg = Release|Win32
		{B80E7E95-566D-4CB0-8151-0567CB206D5A}.Release|x86.ActiveCfg = Release|Win32
		{B80E7E95-566D-4CB0-8151-0567CB206D5A}.Release|x86.Build.0 = Release|Win32
		{B80E7E95-566D-4CB0-8151-0567CB206D5A}.ReleaseTTimo|x64.ActiveCfg = Release|Win32
		{B80E7E95-566D-4CB0-8151-0567CB206D5A}.ReleaseTTimo|x64.Build.0 = Release|Win32
		{B80E7E95-566D-4CB0-8151-0567CB206D5A}.ReleaseTTimo|x86.ActiveCfg = Release|Win32
		{B80E7E95-566D-4CB0-8151-0567CB206D5A}.ReleaseTTimo|x86.Build.0 = Release|Win32
		{706CF09C-D767-4ECD-8CA6-EE7CA6CDA3AE}.Debug|x64.ActiveCfg = Debug|Win32
		{706CF09C-D767-4ECD-8CA6-EE7CA6CDA3AE}.Debug|x86.ActiveCfg = Debug|Win32
		{706CF09C-D767-4ECD-8CA6-EE7CA6CDA3AE}.Debug|x86.Build.0 = Debug|Win32
		{706CF09C-D767-4ECD-8CA6-EE7CA6CDA3AE}.DebugTTimo|x64.ActiveCfg = Release|Win32
		{706CF09C-D767-4ECD-8CA6-EE7CA6CDA3AE}.DebugTTimo|x64.Build.0 = Release|Win32
		{706CF09C-D767-4ECD-8CA6-EE7CA6CDA3AE}.DebugTTimo|x86.ActiveCfg = Debug|Win32
		{706CF09C-D767-4ECD-8CA6-EE7CA6CDA3AE}.DebugTTimo|x86.Build.0 = Debug|Win32
		{706CF09C-D767-4ECD-8CA6-EE7CA6CDA3AE}.Release|x64.ActiveCfg = Release|Win32
		{706CF09C-D767-4ECD-8CA6-EE7CA6CDA3AE}.Release|x86.ActiveCfg = Release|Win32
		{706CF09C-D767-4ECD-8CA6-EE7CA6CDA3AE}.Release|x86.Build.0 = Release|Win32
		{706CF09C-D767-4ECD-8CA6-EE7CA6CDA3AE}.ReleaseTTimo|x64.ActiveCfg = Release|Win32
		{706CF09C-D767-4ECD-8CA6-EE7CA6CDA3AE}.ReleaseTTimo|x64.Build.0 = Release|Win32
		{706CF09C-D767-4ECD-8CA6-EE7CA6CDA3AE}.ReleaseTTimo|x86.ActiveCfg = Release|Win32
		{706CF09C-D767-4ECD-8CA6-EE7CA6CDA3AE}.ReleaseTTimo|x86.Build.0 = Release|Win32
		{4D768C46-A503-48DE-BD4C-14D2B50C2739}.Debug|x64.ActiveCfg = Debug|Win32
		{4D768C46-A503-48DE-BD4C-14D2B50C2739}.Debug|x86.ActiveCfg = Debug|Win32
		{4D768C46-A503-48DE-BD4C-14D2B50C2739}.Debug|x86.Build.0 = Debug|Win32
		{4D768C46-A503-48DE-BD4C-14D2B50C2739}.DebugTTimo|x64.ActiveCfg = DebugTTimo|Win32
		{4D768C46-A503-48DE-BD4C-14D2B50C2739}.DebugTTimo|x86.ActiveCfg = DebugTTimo|Win32
		{4D768C46-A503-48DE-BD4C-14D2B50C2739}.DebugTTimo|x86.Build.0 = DebugTTimo|Win32
		{4D768C46-A503-48DE-BD4C-14D2B50C2739}.Release|x64.ActiveCfg = Release|Win32
		{4D768C46-A503-48DE-BD4C-14D2B50C2739}.Release|x86.ActiveCfg = Release|Win32
		{4D768C46-A503-48DE-BD4C-14D2B50C2739}.Release|x86.Build.0 = Release|Win32
		{4D768C46-A503-48DE-BD4C-14D2B50C2739}.ReleaseTTimo|x64.ActiveCfg = ReleaseTTimo|Win32
		{4D768C46-A503-48DE-BD4C-14D2B50C2739}.ReleaseTTimo|x86.ActiveCfg = ReleaseTTimo|Win32
		{4D768C46-A503-48DE-BD4C-14D2B50C2739}.ReleaseTTimo|x86.Build.0 = ReleaseTTimo|Win32
		{3456FAFC-EA04-4BC2-AB8F-0F87520F122C}.Debug|x64.ActiveCfg = Debug|x64
		{3456FAFC-EA04-4BC2-AB8F-0F87520F122C}.Debug|x64.Build.0 = Debug|x64
		{3456FAFC-EA04-4BC2-AB8F-0F87520F122C}.Debug|x86.ActiveCfg = Debug|Win32
		{3456FAFC-EA04-4BC2-AB8F-0F87520F122C}.Debug|x86.Build.0 = Debug|Win32
		{3456FAFC-EA04-4BC2-AB8F-0F87520F122C}.DebugTTimo|x64.ActiveCfg = Debug|x64
		{3456FAFC-EA04-4BC2-AB8F-0F87520F122C}.DebugTTimo|x64.Build.0 = Debug|x64
		{3456FAFC-EA04-4BC2-AB8F-0F87520F122C}.DebugTTimo|x86.ActiveCfg = Debug|Win32
		{3456FAFC-EA04-4BC2-AB8F-0F87520F122C}.DebugTTimo|x86.Build.0 = Debug|Win32
		{3456FAFC-EA04-4BC2-AB8F-0F87520F122C}.Release|x64.ActiveCfg = Release|x64
		{3456FAFC-EA04-4BC2-AB8F-0F87520F122C}.Release|x64.Build.0 = Release|x64
		{3456FAFC-EA04-4BC2-AB8F-0F87520F122C}.Release|x86.ActiveCfg = Release|Win32
		{3456FAFC-EA04-4BC2-AB8F-0F87520F122C}.Release|x86.Build.0 = Release|Win32
		{3456FAFC-EA04-4BC2-AB8F-0F87520F122C}.ReleaseTTimo|x64.ActiveCfg = Release|x64
		{3456FAFC-EA04-4BC2-AB8F-0F87520F122C}.ReleaseTTimo|x64.Build.0 = Release|x64
		{3456FAFC-EA04-4BC2-AB8F-0F87520F122C}.ReleaseTTimo|x86.ActiveCfg = Release|Win32
		{3456FAFC-EA04-4BC2-AB8F-0F87520F122C}.ReleaseTTimo|x86.Build.0 = Release|Win32
		{6C2DAE17-D932-4D3D-B782-B6E240096B4D}.Debug|x64.ActiveCfg = Debug|x64
		{6C2DAE17-D932-4D3D-B782-B6E240096B4D}.Debug|x64.Build.0 = Debug|x64
		{6C2DAE17-D932-4D3D-B782-B6E240096B4D}.Debug|x86.ActiveCfg = Debug|Win32
		{6C2DAE17-D932-4D3D-B782-B6E240096B4D}.Debug|x86.Build.0 = Debug|Win32
		{6C2DAE17-D932-4D3D-B782-B6E240096B4D}.DebugTTimo|x64.ActiveCfg = Debug|x64
		{6C2DAE17-D932-4D3D-B782-B6E240096B4D}.DebugTTimo|x64.Build.0 = Debug|x64
		{6C2DAE17-D932-4D3D-B782-B6E240096B4D}.DebugTTimo|x86.ActiveCfg = Debug|Win32
		{6C2DAE17-D932-4D3D-B782-B6E240096B4D}.DebugTTimo|x86.Build.0 = Debug|Win32
		{6C2DAE17-D932-4D3D-B782-B6E240096B4D}.Release|x64.ActiveCfg = Release|x64
		{6C2DAE17-D932-4D3D-B782-B6E240096B4D}.Release|x64.Build.0 = Release|x64
		{6C2DAE17-D932-4D3D-B782-B6E240096B4D}.Release|x86.ActiveCfg = Release|Win32
		{6C2DAE17-D932-4D3D-B782-B6E240096B4D}.Release|x86.Build.0 = Release|Win32
		{6C2DAE17-D932-4D3D-B782-B6E240096B4D}.ReleaseTTimo|x64.ActiveCfg = Release|x64
		{6C2DAE17-D932-4D3D-B782-B6E240096B4D}.ReleaseTTimo|x64.Build.0 = Release|x64
		{6C2DAE17-D932-4D3D-B782-B6E240096B4D}.ReleaseTTimo|x86.ActiveCfg = Release|Win32
		{6C2DAE17-D932-4D3D-B782-B6E240096B4D}.ReleaseTTimo|x86.Build.0 = Release|Win32
	EndGlobalSection
	GlobalSection(SolutionProperties) = preSolution
		HideSolutionNode = FALSE
	EndGlobalSection
	GlobalSection(ExtensibilityGlobals) = postSolution
		SolutionGuid = {1C8F724B-1776-4C69-9BC0-D9DCF7542250}
	EndGlobalSection
EndGlobal
